
Microsoft Visual Studio Solution File, Format Version 12.00
# Visual Studio Version 17
VisualStudioVersion = 17.10.35013.160
MinimumVisualStudioVersion = 10.0.40219.1
Project("{FAE04EC0-301F-11D3-BF4B-00C04F79EFBC}") = "CourseSelectionSystem", "CourseSelectionSystem\CourseSelectionSystem.csproj", "{DA664C55-98A9-412F-8F29-D13B1BA4AE4C}"
EndProject
Global
	GlobalSection(SolutionConfigurationPlatforms) = preSolution
		Debug|Any CPU = Debug|Any CPU
		Release|Any CPU = Release|Any CPU
	EndGlobalSection
	GlobalSection(ProjectConfigurationPlatforms) = postSolution
		{DA664C55-98A9-412F-8F29-D13B1BA4AE4C}.Debug|Any CPU.ActiveCfg = Debug|Any CPU
		{DA664C55-98A9-412F-8F29-D13B1BA4AE4C}.Debug|Any CPU.Build.0 = Debug|Any CPU
		{DA664C55-98A9-412F-8F29-D13B1BA4AE4C}.Release|Any CPU.ActiveCfg = Release|Any CPU
		{DA664C55-98A9-412F-8F29-D13B1BA4AE4C}.Release|Any CPU.Build.0 = Release|Any CPU
	EndGlobalSection
	GlobalSection(SolutionProperties) = preSolution
		HideSolutionNode = FALSE
	EndGlobalSection
	GlobalSection(ExtensibilityGlobals) = postSolution
		SolutionGuid = {EC8D6EFF-2D68-4A0A-A8F1-7BFBAC5887F8}
	EndGlobalSection
EndGlobal
